# THIS IS AN AUTOGENERATED FILE. DO NOT EDIT THIS FILE DIRECTLY.
# yarn lockfile v1


swagger-ui-themes@^3.0.0:
  version "3.0.0"
  resolved "https://registry.yarnpkg.com/swagger-ui-themes/-/swagger-ui-themes-3.0.0.tgz#4523cad5a43d460ec4c6ae633baa8a6e8fd69ba9"
  integrity sha1-RSPK1aQ9Rg7Exq5jO6qKbo/Wm6k=
